// !$*UTF8*$!
{
	archiveVersion = 1;
	classes = {
	};
	objectVersion = 56;
	objects = {

/* Begin PBXBuildFile section */
		EEC4A3632C89346F009F5B27 /* FetchChallengeApp.swift in Sources */ = {isa = PBXBuildFile; fileRef = EEC4A3622C89346F009F5B27 /* FetchChallengeApp.swift */; };
		EEC4A3652C89346F009F5B27 /* RecipesListView.swift in Sources */ = {isa = PBXBuildFile; fileRef = EEC4A3642C89346F009F5B27 /* RecipesListView.swift */; };
		EEC4A3692C89347A009F5B27 /* Assets.xcassets in Resources */ = {isa = PBXBuildFile; fileRef = EEC4A3682C89347A009F5B27 /* Assets.xcassets */; };
		EEC4A36C2C89347A009F5B27 /* Preview Assets.xcassets in Resources */ = {isa = PBXBuildFile; fileRef = EEC4A36B2C89347A009F5B27 /* Preview Assets.xcassets */; };
		EEC4A3742C893585009F5B27 /* Recipe.swift in Sources */ = {isa = PBXBuildFile; fileRef = EEC4A3732C893585009F5B27 /* Recipe.swift */; };
		EEC4A3762C8935AE009F5B27 /* RecipeDetails.swift in Sources */ = {isa = PBXBuildFile; fileRef = EEC4A3752C8935AE009F5B27 /* RecipeDetails.swift */; };
		EEC4A37B2C893781009F5B27 /* RecipeDetailView.swift in Sources */ = {isa = PBXBuildFile; fileRef = EEC4A37A2C893781009F5B27 /* RecipeDetailView.swift */; };
		EEC4A37D2C8937A1009F5B27 /* RecipeDetailViewModel.swift in Sources */ = {isa = PBXBuildFile; fileRef = EEC4A37C2C8937A1009F5B27 /* RecipeDetailViewModel.swift */; };
		EEC4A37F2C893837009F5B27 /* RecipesListViewModel.swift in Sources */ = {isa = PBXBuildFile; fileRef = EEC4A37E2C893837009F5B27 /* RecipesListViewModel.swift */; };
		EEC4A3812C8940A9009F5B27 /* NetworkService.swift in Sources */ = {isa = PBXBuildFile; fileRef = EEC4A3802C8940A9009F5B27 /* NetworkService.swift */; };
		EEC4A3842C894308009F5B27 /* Factory in Frameworks */ = {isa = PBXBuildFile; productRef = EEC4A3832C894308009F5B27 /* Factory */; };
		EEC4A3872C89433F009F5B27 /* Container+Extensions.swift in Sources */ = {isa = PBXBuildFile; fileRef = EEC4A3862C89433F009F5B27 /* Container+Extensions.swift */; };
		EEC4A38B2C894C02009F5B27 /* RecipeCategory.swift in Sources */ = {isa = PBXBuildFile; fileRef = EEC4A38A2C894C02009F5B27 /* RecipeCategory.swift */; };
		EEC4A38D2C894CFF009F5B27 /* RecipeAPIRequest.swift in Sources */ = {isa = PBXBuildFile; fileRef = EEC4A38C2C894CFF009F5B27 /* RecipeAPIRequest.swift */; };
		EEC4A3902C8A8195009F5B27 /* RecipeService.swift in Sources */ = {isa = PBXBuildFile; fileRef = EEC4A38F2C8A8195009F5B27 /* RecipeService.swift */; };
		EEC4A3932C8A8605009F5B27 /* RecipeDTO.swift in Sources */ = {isa = PBXBuildFile; fileRef = EEC4A3922C8A8605009F5B27 /* RecipeDTO.swift */; };
		EEC4A3952C8A8629009F5B27 /* MealsListDTO.swift in Sources */ = {isa = PBXBuildFile; fileRef = EEC4A3942C8A8629009F5B27 /* MealsListDTO.swift */; };
		EEC4A39A2C8A919F009F5B27 /* RecipeDetailsDTO.swift in Sources */ = {isa = PBXBuildFile; fileRef = EEC4A3992C8A919F009F5B27 /* RecipeDetailsDTO.swift */; };
		EEC4A39C2C8A9477009F5B27 /* IngredientDTO.swift in Sources */ = {isa = PBXBuildFile; fileRef = EEC4A39B2C8A9477009F5B27 /* IngredientDTO.swift */; };
		EEC4A39E2C8A94A0009F5B27 /* Ingredient.swift in Sources */ = {isa = PBXBuildFile; fileRef = EEC4A39D2C8A94A0009F5B27 /* Ingredient.swift */; };
		EEC4A3A12C8D3EB5009F5B27 /* RecipeSection.swift in Sources */ = {isa = PBXBuildFile; fileRef = EEC4A3A02C8D3EB5009F5B27 /* RecipeSection.swift */; };
		EEC4A3A32C8D3FEB009F5B27 /* ViewModelState.swift in Sources */ = {isa = PBXBuildFile; fileRef = EEC4A3A22C8D3FEB009F5B27 /* ViewModelState.swift */; };
		EEC4A3A72C8D432C009F5B27 /* NetworkError.swift in Sources */ = {isa = PBXBuildFile; fileRef = EEC4A3A62C8D432C009F5B27 /* NetworkError.swift */; };
		EEC4A3AA2C8D4DD2009F5B27 /* MockRecipeService.swift in Sources */ = {isa = PBXBuildFile; fileRef = EEC4A3A92C8D4DD2009F5B27 /* MockRecipeService.swift */; };
		EEC4A3AC2C8D4FE1009F5B27 /* Recipes.json in Resources */ = {isa = PBXBuildFile; fileRef = EEC4A3AB2C8D4FE1009F5B27 /* Recipes.json */; };
		EEC4A3AF2C8D50F7009F5B27 /* RecipeDetails.json in Resources */ = {isa = PBXBuildFile; fileRef = EEC4A3AE2C8D50F7009F5B27 /* RecipeDetails.json */; };
		EEC4A3B12C8D542D009F5B27 /* JSONLoader.swift in Sources */ = {isa = PBXBuildFile; fileRef = EEC4A3B02C8D542D009F5B27 /* JSONLoader.swift */; };
		EEC4A3B42C8D54B4009F5B27 /* Recipe+Preview.swift in Sources */ = {isa = PBXBuildFile; fileRef = EEC4A3B32C8D54B4009F5B27 /* Recipe+Preview.swift */; };
		EEC4A3B62C8D54BF009F5B27 /* RecipeDetails+Preview.swift in Sources */ = {isa = PBXBuildFile; fileRef = EEC4A3B52C8D54BF009F5B27 /* RecipeDetails+Preview.swift */; };
/* End PBXBuildFile section */

/* Begin PBXFileReference section */
		EEC4A35F2C89346F009F5B27 /* Fetch_Challenge.app */ = {isa = PBXFileReference; explicitFileType = wrapper.application; includeInIndex = 0; path = Fetch_Challenge.app; sourceTree = BUILT_PRODUCTS_DIR; };
		EEC4A3622C89346F009F5B27 /* FetchChallengeApp.swift */ = {isa = PBXFileReference; lastKnownFileType = sourcecode.swift; path = FetchChallengeApp.swift; sourceTree = "<group>"; };
		EEC4A3642C89346F009F5B27 /* RecipesListView.swift */ = {isa = PBXFileReference; lastKnownFileType = sourcecode.swift; path = RecipesListView.swift; sourceTree = "<group>"; };
		EEC4A3682C89347A009F5B27 /* Assets.xcassets */ = {isa = PBXFileReference; lastKnownFileType = folder.assetcatalog; path = Assets.xcassets; sourceTree = "<group>"; };
		EEC4A36B2C89347A009F5B27 /* Preview Assets.xcassets */ = {isa = PBXFileReference; lastKnownFileType = folder.assetcatalog; path = "Preview Assets.xcassets"; sourceTree = "<group>"; };
		EEC4A3732C893585009F5B27 /* Recipe.swift */ = {isa = PBXFileReference; lastKnownFileType = sourcecode.swift; path = Recipe.swift; sourceTree = "<group>"; };
		EEC4A3752C8935AE009F5B27 /* RecipeDetails.swift */ = {isa = PBXFileReference; lastKnownFileType = sourcecode.swift; path = RecipeDetails.swift; sourceTree = "<group>"; };
		EEC4A37A2C893781009F5B27 /* RecipeDetailView.swift */ = {isa = PBXFileReference; lastKnownFileType = sourcecode.swift; path = RecipeDetailView.swift; sourceTree = "<group>"; };
		EEC4A37C2C8937A1009F5B27 /* RecipeDetailViewModel.swift */ = {isa = PBXFileReference; lastKnownFileType = sourcecode.swift; path = RecipeDetailViewModel.swift; sourceTree = "<group>"; };
		EEC4A37E2C893837009F5B27 /* RecipesListViewModel.swift */ = {isa = PBXFileReference; lastKnownFileType = sourcecode.swift; path = RecipesListViewModel.swift; sourceTree = "<group>"; };
		EEC4A3802C8940A9009F5B27 /* NetworkService.swift */ = {isa = PBXFileReference; lastKnownFileType = sourcecode.swift; path = NetworkService.swift; sourceTree = "<group>"; };
		EEC4A3862C89433F009F5B27 /* Container+Extensions.swift */ = {isa = PBXFileReference; lastKnownFileType = sourcecode.swift; path = "Container+Extensions.swift"; sourceTree = "<group>"; };
		EEC4A38A2C894C02009F5B27 /* RecipeCategory.swift */ = {isa = PBXFileReference; lastKnownFileType = sourcecode.swift; path = RecipeCategory.swift; sourceTree = "<group>"; };
		EEC4A38C2C894CFF009F5B27 /* RecipeAPIRequest.swift */ = {isa = PBXFileReference; lastKnownFileType = sourcecode.swift; path = RecipeAPIRequest.swift; sourceTree = "<group>"; };
		EEC4A38F2C8A8195009F5B27 /* RecipeService.swift */ = {isa = PBXFileReference; lastKnownFileType = sourcecode.swift; path = RecipeService.swift; sourceTree = "<group>"; };
		EEC4A3922C8A8605009F5B27 /* RecipeDTO.swift */ = {isa = PBXFileReference; lastKnownFileType = sourcecode.swift; path = RecipeDTO.swift; sourceTree = "<group>"; };
		EEC4A3942C8A8629009F5B27 /* MealsListDTO.swift */ = {isa = PBXFileReference; lastKnownFileType = sourcecode.swift; path = MealsListDTO.swift; sourceTree = "<group>"; };
		EEC4A3992C8A919F009F5B27 /* RecipeDetailsDTO.swift */ = {isa = PBXFileReference; lastKnownFileType = sourcecode.swift; path = RecipeDetailsDTO.swift; sourceTree = "<group>"; };
		EEC4A39B2C8A9477009F5B27 /* IngredientDTO.swift */ = {isa = PBXFileReference; lastKnownFileType = sourcecode.swift; path = IngredientDTO.swift; sourceTree = "<group>"; };
		EEC4A39D2C8A94A0009F5B27 /* Ingredient.swift */ = {isa = PBXFileReference; lastKnownFileType = sourcecode.swift; path = Ingredient.swift; sourceTree = "<group>"; };
		EEC4A3A02C8D3EB5009F5B27 /* RecipeSection.swift */ = {isa = PBXFileReference; lastKnownFileType = sourcecode.swift; path = RecipeSection.swift; sourceTree = "<group>"; };
		EEC4A3A22C8D3FEB009F5B27 /* ViewModelState.swift */ = {isa = PBXFileReference; lastKnownFileType = sourcecode.swift; path = ViewModelState.swift; sourceTree = "<group>"; };
		EEC4A3A62C8D432C009F5B27 /* NetworkError.swift */ = {isa = PBXFileReference; lastKnownFileType = sourcecode.swift; path = NetworkError.swift; sourceTree = "<group>"; };
		EEC4A3A92C8D4DD2009F5B27 /* MockRecipeService.swift */ = {isa = PBXFileReference; lastKnownFileType = sourcecode.swift; path = MockRecipeService.swift; sourceTree = "<group>"; };
		EEC4A3AB2C8D4FE1009F5B27 /* Recipes.json */ = {isa = PBXFileReference; lastKnownFileType = text.json; path = Recipes.json; sourceTree = "<group>"; };
		EEC4A3AE2C8D50F7009F5B27 /* RecipeDetails.json */ = {isa = PBXFileReference; lastKnownFileType = text.json; path = RecipeDetails.json; sourceTree = "<group>"; };
		EEC4A3B02C8D542D009F5B27 /* JSONLoader.swift */ = {isa = PBXFileReference; lastKnownFileType = sourcecode.swift; path = JSONLoader.swift; sourceTree = "<group>"; };
		EEC4A3B32C8D54B4009F5B27 /* Recipe+Preview.swift */ = {isa = PBXFileReference; lastKnownFileType = sourcecode.swift; path = "Recipe+Preview.swift"; sourceTree = "<group>"; };
		EEC4A3B52C8D54BF009F5B27 /* RecipeDetails+Preview.swift */ = {isa = PBXFileReference; lastKnownFileType = sourcecode.swift; path = "RecipeDetails+Preview.swift"; sourceTree = "<group>"; };
/* End PBXFileReference section */

/* Begin PBXFrameworksBuildPhase section */
		EEC4A35C2C89346F009F5B27 /* Frameworks */ = {
			isa = PBXFrameworksBuildPhase;
			buildActionMask = 2147483647;
			files = (
				EEC4A3842C894308009F5B27 /* Factory in Frameworks */,
			);
			runOnlyForDeploymentPostprocessing = 0;
		};
/* End PBXFrameworksBuildPhase section */

/* Begin PBXGroup section */
		EEC4A3562C89346F009F5B27 = {
			isa = PBXGroup;
			children = (
				EEC4A3612C89346F009F5B27 /* Fetch_Challenge */,
				EEC4A3602C89346F009F5B27 /* Products */,
			);
			sourceTree = "<group>";
		};
		EEC4A3602C89346F009F5B27 /* Products */ = {
			isa = PBXGroup;
			children = (
				EEC4A35F2C89346F009F5B27 /* Fetch_Challenge.app */,
			);
			name = Products;
			sourceTree = "<group>";
		};
		EEC4A3612C89346F009F5B27 /* Fetch_Challenge */ = {
			isa = PBXGroup;
			children = (
				EEC4A38E2C8A814B009F5B27 /* Services */,
				EEC4A3852C894330009F5B27 /* Extensions */,
				EEC4A3772C893751009F5B27 /* Views */,
				EEC4A3722C893576009F5B27 /* Models */,
				EEC4A3682C89347A009F5B27 /* Assets.xcassets */,
				EEC4A36A2C89347A009F5B27 /* Preview Content */,
			);
			path = Fetch_Challenge;
			sourceTree = "<group>";
		};
		EEC4A36A2C89347A009F5B27 /* Preview Content */ = {
			isa = PBXGroup;
			children = (
				EEC4A3B02C8D542D009F5B27 /* JSONLoader.swift */,
				EEC4A3B22C8D548F009F5B27 /* Extensions */,
				EEC4A3A82C8D4D87009F5B27 /* MockServices */,
				EEC4A3AD2C8D4FEE009F5B27 /* SampleData */,
				EEC4A36B2C89347A009F5B27 /* Preview Assets.xcassets */,
			);
			path = "Preview Content";
			sourceTree = "<group>";
		};
		EEC4A3722C893576009F5B27 /* Models */ = {
			isa = PBXGroup;
			children = (
				EEC4A3982C8A86AD009F5B27 /* Domain */,
				EEC4A3912C8A85F8009F5B27 /* DTO */,
			);
			path = Models;
			sourceTree = "<group>";
		};
		EEC4A3772C893751009F5B27 /* Views */ = {
			isa = PBXGroup;
			children = (
				EEC4A3A42C8D4013009F5B27 /* Root */,
				EEC4A3A52C8D4030009F5B27 /* Screens */,
				EEC4A39F2C8D3EA4009F5B27 /* ViewModifiers */,
				EEC4A3A22C8D3FEB009F5B27 /* ViewModelState.swift */,
			);
			path = Views;
			sourceTree = "<group>";
		};
		EEC4A3782C893762009F5B27 /* RecipesList */ = {
			isa = PBXGroup;
			children = (
				EEC4A3642C89346F009F5B27 /* RecipesListView.swift */,
				EEC4A37E2C893837009F5B27 /* RecipesListViewModel.swift */,
			);
			path = RecipesList;
			sourceTree = "<group>";
		};
		EEC4A3792C89376D009F5B27 /* RecipeDetail */ = {
			isa = PBXGroup;
			children = (
				EEC4A37A2C893781009F5B27 /* RecipeDetailView.swift */,
				EEC4A37C2C8937A1009F5B27 /* RecipeDetailViewModel.swift */,
			);
			path = RecipeDetail;
			sourceTree = "<group>";
		};
		EEC4A3852C894330009F5B27 /* Extensions */ = {
			isa = PBXGroup;
			children = (
				EEC4A3862C89433F009F5B27 /* Container+Extensions.swift */,
			);
			path = Extensions;
			sourceTree = "<group>";
		};
		EEC4A38E2C8A814B009F5B27 /* Services */ = {
			isa = PBXGroup;
			children = (
				EEC4A38F2C8A8195009F5B27 /* RecipeService.swift */,
				EEC4A3972C8A8679009F5B27 /* NetworkService */,
			);
			path = Services;
			sourceTree = "<group>";
		};
		EEC4A3912C8A85F8009F5B27 /* DTO */ = {
			isa = PBXGroup;
			children = (
				EEC4A3922C8A8605009F5B27 /* RecipeDTO.swift */,
				EEC4A3942C8A8629009F5B27 /* MealsListDTO.swift */,
				EEC4A3992C8A919F009F5B27 /* RecipeDetailsDTO.swift */,
				EEC4A39B2C8A9477009F5B27 /* IngredientDTO.swift */,
			);
			path = DTO;
			sourceTree = "<group>";
		};
		EEC4A3972C8A8679009F5B27 /* NetworkService */ = {
			isa = PBXGroup;
			children = (
				EEC4A38C2C894CFF009F5B27 /* RecipeAPIRequest.swift */,
				EEC4A3802C8940A9009F5B27 /* NetworkService.swift */,
				EEC4A3A62C8D432C009F5B27 /* NetworkError.swift */,
			);
			path = NetworkService;
			sourceTree = "<group>";
		};
		EEC4A3982C8A86AD009F5B27 /* Domain */ = {
			isa = PBXGroup;
			children = (
				EEC4A38A2C894C02009F5B27 /* RecipeCategory.swift */,
				EEC4A3752C8935AE009F5B27 /* RecipeDetails.swift */,
				EEC4A3732C893585009F5B27 /* Recipe.swift */,
				EEC4A39D2C8A94A0009F5B27 /* Ingredient.swift */,
			);
			path = Domain;
			sourceTree = "<group>";
		};
		EEC4A39F2C8D3EA4009F5B27 /* ViewModifiers */ = {
			isa = PBXGroup;
			children = (
				EEC4A3A02C8D3EB5009F5B27 /* RecipeSection.swift */,
			);
			path = ViewModifiers;
			sourceTree = "<group>";
		};
		EEC4A3A42C8D4013009F5B27 /* Root */ = {
			isa = PBXGroup;
			children = (
				EEC4A3622C89346F009F5B27 /* FetchChallengeApp.swift */,
			);
			path = Root;
			sourceTree = "<group>";
		};
		EEC4A3A52C8D4030009F5B27 /* Screens */ = {
			isa = PBXGroup;
			children = (
				EEC4A3792C89376D009F5B27 /* RecipeDetail */,
				EEC4A3782C893762009F5B27 /* RecipesList */,
			);
			path = Screens;
			sourceTree = "<group>";
		};
		EEC4A3A82C8D4D87009F5B27 /* MockServices */ = {
			isa = PBXGroup;
			children = (
				EEC4A3A92C8D4DD2009F5B27 /* MockRecipeService.swift */,
			);
			path = MockServices;
			sourceTree = "<group>";
		};
		EEC4A3AD2C8D4FEE009F5B27 /* SampleData */ = {
			isa = PBXGroup;
			children = (
				EEC4A3AB2C8D4FE1009F5B27 /* Recipes.json */,
				EEC4A3AE2C8D50F7009F5B27 /* RecipeDetails.json */,
			);
			path = SampleData;
			sourceTree = "<group>";
		};
		EEC4A3B22C8D548F009F5B27 /* Extensions */ = {
			isa = PBXGroup;
			children = (
				EEC4A3B32C8D54B4009F5B27 /* Recipe+Preview.swift */,
				EEC4A3B52C8D54BF009F5B27 /* RecipeDetails+Preview.swift */,
			);
			path = Extensions;
			sourceTree = "<group>";
		};
/* End PBXGroup section */

/* Begin PBXNativeTarget section */
		EEC4A35E2C89346F009F5B27 /* Fetch_Challenge */ = {
			isa = PBXNativeTarget;
			buildConfigurationList = EEC4A36F2C89347A009F5B27 /* Build configuration list for PBXNativeTarget "Fetch_Challenge" */;
			buildPhases = (
				EEC4A35B2C89346F009F5B27 /* Sources */,
				EEC4A35C2C89346F009F5B27 /* Frameworks */,
				EEC4A35D2C89346F009F5B27 /* Resources */,
			);
			buildRules = (
			);
			dependencies = (
			);
			name = Fetch_Challenge;
			packageProductDependencies = (
				EEC4A3832C894308009F5B27 /* Factory */,
			);
			productName = Fetch_Challenge;
			productReference = EEC4A35F2C89346F009F5B27 /* Fetch_Challenge.app */;
			productType = "com.apple.product-type.application";
		};
/* End PBXNativeTarget section */

/* Begin PBXProject section */
		EEC4A3572C89346F009F5B27 /* Project object */ = {
			isa = PBXProject;
			attributes = {
				BuildIndependentTargetsInParallel = 1;
				LastSwiftUpdateCheck = 1530;
				LastUpgradeCheck = 1530;
				TargetAttributes = {
					EEC4A35E2C89346F009F5B27 = {
						CreatedOnToolsVersion = 15.3;
					};
				};
			};
			buildConfigurationList = EEC4A35A2C89346F009F5B27 /* Build configuration list for PBXProject "Fetch_Challenge" */;
			compatibilityVersion = "Xcode 14.0";
			developmentRegion = en;
			hasScannedForEncodings = 0;
			knownRegions = (
				en,
				Base,
			);
			mainGroup = EEC4A3562C89346F009F5B27;
			packageReferences = (
				EEC4A3822C894308009F5B27 /* XCRemoteSwiftPackageReference "Factory" */,
			);
			productRefGroup = EEC4A3602C89346F009F5B27 /* Products */;
			projectDirPath = "";
			projectRoot = "";
			targets = (
				EEC4A35E2C89346F009F5B27 /* Fetch_Challenge */,
			);
		};
/* End PBXProject section */

/* Begin PBXResourcesBuildPhase section */
		EEC4A35D2C89346F009F5B27 /* Resources */ = {
			isa = PBXResourcesBuildPhase;
			buildActionMask = 2147483647;
			files = (
				EEC4A3AF2C8D50F7009F5B27 /* RecipeDetails.json in Resources */,
				EEC4A36C2C89347A009F5B27 /* Preview Assets.xcassets in Resources */,
				EEC4A3AC2C8D4FE1009F5B27 /* Recipes.json in Resources */,
				EEC4A3692C89347A009F5B27 /* Assets.xcassets in Resources */,
			);
			runOnlyForDeploymentPostprocessing = 0;
		};
/* End PBXResourcesBuildPhase section */

/* Begin PBXSourcesBuildPhase section */
		EEC4A35B2C89346F009F5B27 /* Sources */ = {
			isa = PBXSourcesBuildPhase;
			buildActionMask = 2147483647;
			files = (
				EEC4A3762C8935AE009F5B27 /* RecipeDetails.swift in Sources */,
				EEC4A38D2C894CFF009F5B27 /* RecipeAPIRequest.swift in Sources */,
				EEC4A39E2C8A94A0009F5B27 /* Ingredient.swift in Sources */,
				EEC4A38B2C894C02009F5B27 /* RecipeCategory.swift in Sources */,
				EEC4A37B2C893781009F5B27 /* RecipeDetailView.swift in Sources */,
				EEC4A3AA2C8D4DD2009F5B27 /* MockRecipeService.swift in Sources */,
				EEC4A3A32C8D3FEB009F5B27 /* ViewModelState.swift in Sources */,
				EEC4A3742C893585009F5B27 /* Recipe.swift in Sources */,
				EEC4A37F2C893837009F5B27 /* RecipesListViewModel.swift in Sources */,
				EEC4A3B62C8D54BF009F5B27 /* RecipeDetails+Preview.swift in Sources */,
				EEC4A39A2C8A919F009F5B27 /* RecipeDetailsDTO.swift in Sources */,
				EEC4A3A72C8D432C009F5B27 /* NetworkError.swift in Sources */,
				EEC4A3952C8A8629009F5B27 /* MealsListDTO.swift in Sources */,
				EEC4A3B12C8D542D009F5B27 /* JSONLoader.swift in Sources */,
				EEC4A3A12C8D3EB5009F5B27 /* RecipeSection.swift in Sources */,
				EEC4A3932C8A8605009F5B27 /* RecipeDTO.swift in Sources */,
				EEC4A3902C8A8195009F5B27 /* RecipeService.swift in Sources */,
				EEC4A3B42C8D54B4009F5B27 /* Recipe+Preview.swift in Sources */,
				EEC4A3812C8940A9009F5B27 /* NetworkService.swift in Sources */,
				EEC4A39C2C8A9477009F5B27 /* IngredientDTO.swift in Sources */,
				EEC4A3652C89346F009F5B27 /* RecipesListView.swift in Sources */,
				EEC4A3872C89433F009F5B27 /* Container+Extensions.swift in Sources */,
				EEC4A3632C89346F009F5B27 /* FetchChallengeApp.swift in Sources */,
				EEC4A37D2C8937A1009F5B27 /* RecipeDetailViewModel.swift in Sources */,
			);
			runOnlyForDeploymentPostprocessing = 0;
		};
/* End PBXSourcesBuildPhase section */

/* Begin XCBuildConfiguration section */
		EEC4A36D2C89347A009F5B27 /* Debug */ = {
			isa = XCBuildConfiguration;
			buildSettings = {
				ALWAYS_SEARCH_USER_PATHS = NO;
				ASSETCATALOG_COMPILER_GENERATE_SWIFT_ASSET_SYMBOL_EXTENSIONS = YES;
				CLANG_ANALYZER_NONNULL = YES;
				CLANG_ANALYZER_NUMBER_OBJECT_CONVERSION = YES_AGGRESSIVE;
				CLANG_CXX_LANGUAGE_STANDARD = "gnu++20";
				CLANG_ENABLE_MODULES = YES;
				CLANG_ENABLE_OBJC_ARC = YES;
				CLANG_ENABLE_OBJC_WEAK = YES;
				CLANG_WARN_BLOCK_CAPTURE_AUTORELEASING = YES;
				CLANG_WARN_BOOL_CONVERSION = YES;
				CLANG_WARN_COMMA = YES;
				CLANG_WARN_CONSTANT_CONVERSION = YES;
				CLANG_WARN_DEPRECATED_OBJC_IMPLEMENTATIONS = YES;
				CLANG_WARN_DIRECT_OBJC_ISA_USAGE = YES_ERROR;
				CLANG_WARN_DOCUMENTATION_COMMENTS = YES;
				CLANG_WARN_EMPTY_BODY = YES;
				CLANG_WARN_ENUM_CONVERSION = YES;
				CLANG_WARN_INFINITE_RECURSION = YES;
				CLANG_WARN_INT_CONVERSION = YES;
				CLANG_WARN_NON_LITERAL_NULL_CONVERSION = YES;
				CLANG_WARN_OBJC_IMPLICIT_RETAIN_SELF = YES;
				CLANG_WARN_OBJC_LITERAL_CONVERSION = YES;
				CLANG_WARN_OBJC_ROOT_CLASS = YES_ERROR;
				CLANG_WARN_QUOTED_INCLUDE_IN_FRAMEWORK_HEADER = YES;
				CLANG_WARN_RANGE_LOOP_ANALYSIS = YES;
				CLANG_WARN_STRICT_PROTOTYPES = YES;
				CLANG_WARN_SUSPICIOUS_MOVE = YES;
				CLANG_WARN_UNGUARDED_AVAILABILITY = YES_AGGRESSIVE;
				CLANG_WARN_UNREACHABLE_CODE = YES;
				CLANG_WARN__DUPLICATE_METHOD_MATCH = YES;
				COPY_PHASE_STRIP = NO;
				DEBUG_INFORMATION_FORMAT = dwarf;
				ENABLE_STRICT_OBJC_MSGSEND = YES;
				ENABLE_TESTABILITY = YES;
				ENABLE_USER_SCRIPT_SANDBOXING = YES;
				GCC_C_LANGUAGE_STANDARD = gnu17;
				GCC_DYNAMIC_NO_PIC = NO;
				GCC_NO_COMMON_BLOCKS = YES;
				GCC_OPTIMIZATION_LEVEL = 0;
				GCC_PREPROCESSOR_DEFINITIONS = (
					"DEBUG=1",
					"$(inherited)",
				);
				GCC_WARN_64_TO_32_BIT_CONVERSION = YES;
				GCC_WARN_ABOUT_RETURN_TYPE = YES_ERROR;
				GCC_WARN_UNDECLARED_SELECTOR = YES;
				GCC_WARN_UNINITIALIZED_AUTOS = YES_AGGRESSIVE;
				GCC_WARN_UNUSED_FUNCTION = YES;
				GCC_WARN_UNUSED_VARIABLE = YES;
				IPHONEOS_DEPLOYMENT_TARGET = 17.4;
				LOCALIZATION_PREFERS_STRING_CATALOGS = YES;
				MTL_ENABLE_DEBUG_INFO = INCLUDE_SOURCE;
				MTL_FAST_MATH = YES;
				ONLY_ACTIVE_ARCH = YES;
				SDKROOT = iphoneos;
				SWIFT_ACTIVE_COMPILATION_CONDITIONS = "DEBUG $(inherited)";
				SWIFT_OPTIMIZATION_LEVEL = "-Onone";
			};
			name = Debug;
		};
		EEC4A36E2C89347A009F5B27 /* Release */ = {
			isa = XCBuildConfiguration;
			buildSettings = {
				ALWAYS_SEARCH_USER_PATHS = NO;
				ASSETCATALOG_COMPILER_GENERATE_SWIFT_ASSET_SYMBOL_EXTENSIONS = YES;
				CLANG_ANALYZER_NONNULL = YES;
				CLANG_ANALYZER_NUMBER_OBJECT_CONVERSION = YES_AGGRESSIVE;
				CLANG_CXX_LANGUAGE_STANDARD = "gnu++20";
				CLANG_ENABLE_MODULES = YES;
				CLANG_ENABLE_OBJC_ARC = YES;
				CLANG_ENABLE_OBJC_WEAK = YES;
				CLANG_WARN_BLOCK_CAPTURE_AUTORELEASING = YES;
				CLANG_WARN_BOOL_CONVERSION = YES;
				CLANG_WARN_COMMA = YES;
				CLANG_WARN_CONSTANT_CONVERSION = YES;
				CLANG_WARN_DEPRECATED_OBJC_IMPLEMENTATIONS = YES;
				CLANG_WARN_DIRECT_OBJC_ISA_USAGE = YES_ERROR;
				CLANG_WARN_DOCUMENTATION_COMMENTS = YES;
				CLANG_WARN_EMPTY_BODY = YES;
				CLANG_WARN_ENUM_CONVERSION = YES;
				CLANG_WARN_INFINITE_RECURSION = YES;
				CLANG_WARN_INT_CONVERSION = YES;
				CLANG_WARN_NON_LITERAL_NULL_CONVERSION = YES;
				CLANG_WARN_OBJC_IMPLICIT_RETAIN_SELF = YES;
				CLANG_WARN_OBJC_LITERAL_CONVERSION = YES;
				CLANG_WARN_OBJC_ROOT_CLASS = YES_ERROR;
				CLANG_WARN_QUOTED_INCLUDE_IN_FRAMEWORK_HEADER = YES;
				CLANG_WARN_RANGE_LOOP_ANALYSIS = YES;
				CLANG_WARN_STRICT_PROTOTYPES = YES;
				CLANG_WARN_SUSPICIOUS_MOVE = YES;
				CLANG_WARN_UNGUARDED_AVAILABILITY = YES_AGGRESSIVE;
				CLANG_WARN_UNREACHABLE_CODE = YES;
				CLANG_WARN__DUPLICATE_METHOD_MATCH = YES;
				COPY_PHASE_STRIP = NO;
				DEBUG_INFORMATION_FORMAT = "dwarf-with-dsym";
				ENABLE_NS_ASSERTIONS = NO;
				ENABLE_STRICT_OBJC_MSGSEND = YES;
				ENABLE_USER_SCRIPT_SANDBOXING = YES;
				GCC_C_LANGUAGE_STANDARD = gnu17;
				GCC_NO_COMMON_BLOCKS = YES;
				GCC_WARN_64_TO_32_BIT_CONVERSION = YES;
				GCC_WARN_ABOUT_RETURN_TYPE = YES_ERROR;
				GCC_WARN_UNDECLARED_SELECTOR = YES;
				GCC_WARN_UNINITIALIZED_AUTOS = YES_AGGRESSIVE;
				GCC_WARN_UNUSED_FUNCTION = YES;
				GCC_WARN_UNUSED_VARIABLE = YES;
				IPHONEOS_DEPLOYMENT_TARGET = 17.4;
				LOCALIZATION_PREFERS_STRING_CATALOGS = YES;
				MTL_ENABLE_DEBUG_INFO = NO;
				MTL_FAST_MATH = YES;
				SDKROOT = iphoneos;
				SWIFT_COMPILATION_MODE = wholemodule;
				VALIDATE_PRODUCT = YES;
			};
			name = Release;
		};
		EEC4A3702C89347A009F5B27 /* Debug */ = {
			isa = XCBuildConfiguration;
			buildSettings = {
				ASSETCATALOG_COMPILER_APPICON_NAME = AppIcon;
				ASSETCATALOG_COMPILER_GLOBAL_ACCENT_COLOR_NAME = AccentColor;
				CODE_SIGN_STYLE = Automatic;
				CURRENT_PROJECT_VERSION = 1;
				DEVELOPMENT_ASSET_PATHS = "\"Fetch_Challenge/Preview Content\"";
				DEVELOPMENT_TEAM = 8HUP8UB97L;
				ENABLE_PREVIEWS = YES;
				GENERATE_INFOPLIST_FILE = YES;
				INFOPLIST_KEY_UIApplicationSceneManifest_Generation = YES;
				INFOPLIST_KEY_UIApplicationSupportsIndirectInputEvents = YES;
				INFOPLIST_KEY_UILaunchScreen_Generation = YES;
				INFOPLIST_KEY_UISupportedInterfaceOrientations_iPad = "UIInterfaceOrientationPortrait UIInterfaceOrientationPortraitUpsideDown UIInterfaceOrientationLandscapeLeft UIInterfaceOrientationLandscapeRight";
				INFOPLIST_KEY_UISupportedInterfaceOrientations_iPhone = "UIInterfaceOrientationPortrait UIInterfaceOrientationLandscapeLeft UIInterfaceOrientationLandscapeRight";
				LD_RUNPATH_SEARCH_PATHS = (
					"$(inherited)",
					"@executable_path/Frameworks",
				);
				MARKETING_VERSION = 1.0;
				PRODUCT_BUNDLE_IDENTIFIER = "com.WesleyLuntsford.Fetch-Challenge";
				PRODUCT_NAME = "$(TARGET_NAME)";
				SWIFT_EMIT_LOC_STRINGS = YES;
				SWIFT_VERSION = 5.0;
				TARGETED_DEVICE_FAMILY = "1,2";
			};
			name = Debug;
		};
		EEC4A3712C89347A009F5B27 /* Release */ = {
			isa = XCBuildConfiguration;
			buildSettings = {
				ASSETCATALOG_COMPILER_APPICON_NAME = AppIcon;
				ASSETCATALOG_COMPILER_GLOBAL_ACCENT_COLOR_NAME = AccentColor;
				CODE_SIGN_STYLE = Automatic;
				CURRENT_PROJECT_VERSION = 1;
				DEVELOPMENT_ASSET_PATHS = "\"Fetch_Challenge/Preview Content\"";
				DEVELOPMENT_TEAM = 8HUP8UB97L;
				ENABLE_PREVIEWS = YES;
				GENERATE_INFOPLIST_FILE = YES;
				INFOPLIST_KEY_UIApplicationSceneManifest_Generation = YES;
				INFOPLIST_KEY_UIApplicationSupportsIndirectInputEvents = YES;
				INFOPLIST_KEY_UILaunchScreen_Generation = YES;
				INFOPLIST_KEY_UISupportedInterfaceOrientations_iPad = "UIInterfaceOrientationPortrait UIInterfaceOrientationPortraitUpsideDown UIInterfaceOrientationLandscapeLeft UIInterfaceOrientationLandscapeRight";
				INFOPLIST_KEY_UISupportedInterfaceOrientations_iPhone = "UIInterfaceOrientationPortrait UIInterfaceOrientationLandscapeLeft UIInterfaceOrientationLandscapeRight";
				LD_RUNPATH_SEARCH_PATHS = (
					"$(inherited)",
					"@executable_path/Frameworks",
				);
				MARKETING_VERSION = 1.0;
				PRODUCT_BUNDLE_IDENTIFIER = "com.WesleyLuntsford.Fetch-Challenge";
				PRODUCT_NAME = "$(TARGET_NAME)";
				SWIFT_EMIT_LOC_STRINGS = YES;
				SWIFT_VERSION = 5.0;
				TARGETED_DEVICE_FAMILY = "1,2";
			};
			name = Release;
		};
/* End XCBuildConfiguration section */

/* Begin XCConfigurationList section */
		EEC4A35A2C89346F009F5B27 /* Build configuration list for PBXProject "Fetch_Challenge" */ = {
			isa = XCConfigurationList;
			buildConfigurations = (
				EEC4A36D2C89347A009F5B27 /* Debug */,
				EEC4A36E2C89347A009F5B27 /* Release */,
			);
			defaultConfigurationIsVisible = 0;
			defaultConfigurationName = Release;
		};
		EEC4A36F2C89347A009F5B27 /* Build configuration list for PBXNativeTarget "Fetch_Challenge" */ = {
			isa = XCConfigurationList;
			buildConfigurations = (
				EEC4A3702C89347A009F5B27 /* Debug */,
				EEC4A3712C89347A009F5B27 /* Release */,
			);
			defaultConfigurationIsVisible = 0;
			defaultConfigurationName = Release;
		};
/* End XCConfigurationList section */

/* Begin XCRemoteSwiftPackageReference section */
		EEC4A3822C894308009F5B27 /* XCRemoteSwiftPackageReference "Factory" */ = {
			isa = XCRemoteSwiftPackageReference;
			repositoryURL = "https://github.com/hmlongco/Factory.git";
			requirement = {
				kind = upToNextMajorVersion;
				minimumVersion = 2.3.2;
			};
		};
/* End XCRemoteSwiftPackageReference section */

/* Begin XCSwiftPackageProductDependency section */
		EEC4A3832C894308009F5B27 /* Factory */ = {
			isa = XCSwiftPackageProductDependency;
			package = EEC4A3822C894308009F5B27 /* XCRemoteSwiftPackageReference "Factory" */;
			productName = Factory;
		};
/* End XCSwiftPackageProductDependency section */
	};
	rootObject = EEC4A3572C89346F009F5B27 /* Project object */;
}
